
Microsoft Visual Studio Solution File, Format Version 12.00
Project("{FAE04EC0-301F-11D3-BF4B-00C04F79EFBC}") = "BogusData", "BogusData\BogusData.csproj", "{7ACA8D16-D54C-4075-97F0-4FD6989989E0}"
EndProject
Global
	GlobalSection(SolutionConfigurationPlatforms) = preSolution
		Debug|Any CPU = Debug|Any CPU
		Release|Any CPU = Release|Any CPU
	EndGlobalSection
	GlobalSection(ProjectConfigurationPlatforms) = postSolution
		{7ACA8D16-D54C-4075-97F0-4FD6989989E0}.Debug|Any CPU.ActiveCfg = Debug|Any CPU
		{7ACA8D16-D54C-4075-97F0-4FD6989989E0}.Debug|Any CPU.Build.0 = Debug|Any CPU
		{7ACA8D16-D54C-4075-97F0-4FD6989989E0}.Release|Any CPU.ActiveCfg = Release|Any CPU
		{7ACA8D16-D54C-4075-97F0-4FD6989989E0}.Release|Any CPU.Build.0 = Release|Any CPU
	EndGlobalSection
EndGlobal
